
Microsoft Visual Studio Solution File, Format Version 12.00
# Visual Studio Version 17
VisualStudioVersion = 17.14.36408.4 d17.14
MinimumVisualStudioVersion = 10.0.40219.1
Project("{FAE04EC0-301F-11D3-BF4B-00C04F79EFBC}") = "AuroraManagementAPI", "AuroraManagementAPI\AuroraManagementAPI.csproj", "{D0D14621-57AF-4F68-A2B8-3C91AF59C5D8}"
EndProject
Global
	GlobalSection(SolutionConfigurationPlatforms) = preSolution
		Debug|Any CPU = Debug|Any CPU
		Release|Any CPU = Release|Any CPU
	EndGlobalSection
	GlobalSection(ProjectConfigurationPlatforms) = postSolution
		{D0D14621-57AF-4F68-A2B8-3C91AF59C5D8}.Debug|Any CPU.ActiveCfg = Debug|Any CPU
		{D0D14621-57AF-4F68-A2B8-3C91AF59C5D8}.Debug|Any CPU.Build.0 = Debug|Any CPU
		{D0D14621-57AF-4F68-A2B8-3C91AF59C5D8}.Release|Any CPU.ActiveCfg = Release|Any CPU
		{D0D14621-57AF-4F68-A2B8-3C91AF59C5D8}.Release|Any CPU.Build.0 = Release|Any CPU
	EndGlobalSection
	GlobalSection(SolutionProperties) = preSolution
		HideSolutionNode = FALSE
	EndGlobalSection
	GlobalSection(ExtensibilityGlobals) = postSolution
		SolutionGuid = {578E7624-6DF5-4FD8-A3D1-B80854FEFA61}
	EndGlobalSection
EndGlobal
